// !$*UTF8*$!
{
	archiveVersion = 1;
	classes = {
	};
	objectVersion = 50;
	objects = {

/* Begin PBXBuildFile section */
		75492BC223AD66AF004823F1 /* AppMover.framework in Frameworks */ = {isa = PBXBuildFile; fileRef = 75492BC123AD66AF004823F1 /* AppMover.framework */; };
		75492BC323AD66AF004823F1 /* AppMover.framework in Embed Frameworks */ = {isa = PBXBuildFile; fileRef = 75492BC123AD66AF004823F1 /* AppMover.framework */; settings = {ATTRIBUTES = (CodeSignOnCopy, RemoveHeadersOnCopy, ); }; };
		75647A3523AD661300C8E88E /* AppDelegate.swift in Sources */ = {isa = PBXBuildFile; fileRef = 75647A3423AD661300C8E88E /* AppDelegate.swift */; };
		75647A3723AD661300C8E88E /* ViewController.swift in Sources */ = {isa = PBXBuildFile; fileRef = 75647A3623AD661300C8E88E /* ViewController.swift */; };
		75647A3923AD661400C8E88E /* Assets.xcassets in Resources */ = {isa = PBXBuildFile; fileRef = 75647A3823AD661400C8E88E /* Assets.xcassets */; };
		75647A3C23AD661400C8E88E /* Main.storyboard in Resources */ = {isa = PBXBuildFile; fileRef = 75647A3A23AD661400C8E88E /* Main.storyboard */; };
/* End PBXBuildFile section */

/* Begin PBXCopyFilesBuildPhase section */
		75492BC423AD66AF004823F1 /* Embed Frameworks */ = {
			isa = PBXCopyFilesBuildPhase;
			buildActionMask = 2147483647;
			dstPath = "";
			dstSubfolderSpec = 10;
			files = (
				75492BC323AD66AF004823F1 /* AppMover.framework in Embed Frameworks */,
			);
			name = "Embed Frameworks";
			runOnlyForDeploymentPostprocessing = 0;
		};
/* End PBXCopyFilesBuildPhase section */

/* Begin PBXFileReference section */
		75492BC123AD66AF004823F1 /* AppMover.framework */ = {isa = PBXFileReference; explicitFileType = wrapper.framework; path = AppMover.framework; sourceTree = BUILT_PRODUCTS_DIR; };
		75647A3123AD661300C8E88E /* AppMover-Demo.app */ = {isa = PBXFileReference; explicitFileType = wrapper.application; includeInIndex = 0; path = "AppMover-Demo.app"; sourceTree = BUILT_PRODUCTS_DIR; };
		75647A3423AD661300C8E88E /* AppDelegate.swift */ = {isa = PBXFileReference; lastKnownFileType = sourcecode.swift; path = AppDelegate.swift; sourceTree = "<group>"; };
		75647A3623AD661300C8E88E /* ViewController.swift */ = {isa = PBXFileReference; lastKnownFileType = sourcecode.swift; path = ViewController.swift; sourceTree = "<group>"; };
		75647A3823AD661400C8E88E /* Assets.xcassets */ = {isa = PBXFileReference; lastKnownFileType = folder.assetcatalog; path = Assets.xcassets; sourceTree = "<group>"; };
		75647A3B23AD661400C8E88E /* Base */ = {isa = PBXFileReference; lastKnownFileType = file.storyboard; name = Base; path = Base.lproj/Main.storyboard; sourceTree = "<group>"; };
		75647A3D23AD661400C8E88E /* Info.plist */ = {isa = PBXFileReference; lastKnownFileType = text.plist.xml; path = Info.plist; sourceTree = "<group>"; };
		75647A3E23AD661400C8E88E /* AppMover_Demo.entitlements */ = {isa = PBXFileReference; lastKnownFileType = text.plist.entitlements; path = AppMover_Demo.entitlements; sourceTree = "<group>"; };
/* End PBXFileReference section */

/* Begin PBXFrameworksBuildPhase section */
		75647A2E23AD661300C8E88E /* Frameworks */ = {
			isa = PBXFrameworksBuildPhase;
			buildActionMask = 2147483647;
			files = (
				75492BC223AD66AF004823F1 /* AppMover.framework in Frameworks */,
			);
			runOnlyForDeploymentPostprocessing = 0;
		};
/* End PBXFrameworksBuildPhase section */

/* Begin PBXGroup section */
		75492BC023AD66AF004823F1 /* Frameworks */ = {
			isa = PBXGroup;
			children = (
				75492BC123AD66AF004823F1 /* AppMover.framework */,
			);
			name = Frameworks;
			sourceTree = "<group>";
		};
		75647A2823AD661300C8E88E = {
			isa = PBXGroup;
			children = (
				75647A3323AD661300C8E88E /* AppMover-Demo */,
				75647A3223AD661300C8E88E /* Products */,
				75492BC023AD66AF004823F1 /* Frameworks */,
			);
			sourceTree = "<group>";
		};
		75647A3223AD661300C8E88E /* Products */ = {
			isa = PBXGroup;
			children = (
				75647A3123AD661300C8E88E /* AppMover-Demo.app */,
			);
			name = Products;
			sourceTree = "<group>";
		};
		75647A3323AD661300C8E88E /* AppMover-Demo */ = {
			isa = PBXGroup;
			children = (
				75647A3423AD661300C8E88E /* AppDelegate.swift */,
				75647A3623AD661300C8E88E /* ViewController.swift */,
				75647A3823AD661400C8E88E /* Assets.xcassets */,
				75647A3A23AD661400C8E88E /* Main.storyboard */,
				75647A3D23AD661400C8E88E /* Info.plist */,
				75647A3E23AD661400C8E88E /* AppMover_Demo.entitlements */,
			);
			path = "AppMover-Demo";
			sourceTree = "<group>";
		};
/* End PBXGroup section */

/* Begin PBXNativeTarget section */
		75647A3023AD661300C8E88E /* AppMover-Demo */ = {
			isa = PBXNativeTarget;
			buildConfigurationList = 75647A4123AD661400C8E88E /* Build configuration list for PBXNativeTarget "AppMover-Demo" */;
			buildPhases = (
				75647A2D23AD661300C8E88E /* Sources */,
				75647A2E23AD661300C8E88E /* Frameworks */,
				75647A2F23AD661300C8E88E /* Resources */,
				75492BC423AD66AF004823F1 /* Embed Frameworks */,
			);
			buildRules = (
			);
			dependencies = (
			);
			name = "AppMover-Demo";
			productName = "AppMover-Demo";
			productReference = 75647A3123AD661300C8E88E /* AppMover-Demo.app */;
			productType = "com.apple.product-type.application";
		};
/* End PBXNativeTarget section */

/* Begin PBXProject section */
		75647A2923AD661300C8E88E /* Project object */ = {
			isa = PBXProject;
			attributes = {
				LastSwiftUpdateCheck = 1120;
				LastUpgradeCheck = 1120;
				ORGANIZATIONNAME = "Oskar Groth";
				TargetAttributes = {
					75647A3023AD661300C8E88E = {
						CreatedOnToolsVersion = 11.2.1;
					};
				};
			};
			buildConfigurationList = 75647A2C23AD661300C8E88E /* Build configuration list for PBXProject "AppMover-Demo" */;
			compatibilityVersion = "Xcode 9.3";
			developmentRegion = en;
			hasScannedForEncodings = 0;
			knownRegions = (
				en,
				Base,
			);
			mainGroup = 75647A2823AD661300C8E88E;
			productRefGroup = 75647A3223AD661300C8E88E /* Products */;
			projectDirPath = "";
			projectRoot = "";
			targets = (
				75647A3023AD661300C8E88E /* AppMover-Demo */,
			);
		};
/* End PBXProject section */

/* Begin PBXResourcesBuildPhase section */
		75647A2F23AD661300C8E88E /* Resources */ = {
			isa = PBXResourcesBuildPhase;
			buildActionMask = 2147483647;
			files = (
				75647A3923AD661400C8E88E /* Assets.xcassets in Resources */,
				75647A3C23AD661400C8E88E /* Main.storyboard in Resources */,
			);
			runOnlyForDeploymentPostprocessing = 0;
		};
/* End PBXResourcesBuildPhase section */

/* Begin PBXSourcesBuildPhase section */
		75647A2D23AD661300C8E88E /* Sources */ = {
			isa = PBXSourcesBuildPhase;
			buildActionMask = 2147483647;
			files = (
				75647A3723AD661300C8E88E /* ViewController.swift in Sources */,
				75647A3523AD661300C8E88E /* AppDelegate.swift in Sources */,
			);
			runOnlyForDeploymentPostprocessing = 0;
		};
/* End PBXSourcesBuildPhase section */

/* Begin PBXVariantGroup section */
		75647A3A23AD661400C8E88E /* Main.storyboard */ = {
			isa = PBXVariantGroup;
			children = (
				75647A3B23AD661400C8E88E /* Base */,
			);
			name = Main.storyboard;
			sourceTree = "<group>";
		};
/* End PBXVariantGroup section */

/* Begin XCBuildConfiguration section */
		75647A3F23AD661400C8E88E /* Debug */ = {
			isa = XCBuildConfiguration;
			buildSettings = {
				ALWAYS_SEARCH_USER_PATHS = NO;
				CLANG_ANALYZER_NONNULL = YES;
				CLANG_ANALYZER_NUMBER_OBJECT_CONVERSION = YES_AGGRESSIVE;
				CLANG_CXX_LANGUAGE_STANDARD = "gnu++14";
				CLANG_CXX_LIBRARY = "libc++";
				CLANG_ENABLE_MODULES = YES;
				CLANG_ENABLE_OBJC_ARC = YES;
				CLANG_ENABLE_OBJC_WEAK = YES;
				CLANG_WARN_BLOCK_CAPTURE_AUTORELEASING = YES;
				CLANG_WARN_BOOL_CONVERSION = YES;
				CLANG_WARN_COMMA = YES;
				CLANG_WARN_CONSTANT_CONVERSION = YES;
				CLANG_WARN_DEPRECATED_OBJC_IMPLEMENTATIONS = YES;
				CLANG_WARN_DIRECT_OBJC_ISA_USAGE = YES_ERROR;
				CLANG_WARN_DOCUMENTATION_COMMENTS = YES;
				CLANG_WARN_EMPTY_BODY = YES;
				CLANG_WARN_ENUM_CONVERSION = YES;
				CLANG_WARN_INFINITE_RECURSION = YES;
				CLANG_WARN_INT_CONVERSION = YES;
				CLANG_WARN_NON_LITERAL_NULL_CONVERSION = YES;
				CLANG_WARN_OBJC_IMPLICIT_RETAIN_SELF = YES;
				CLANG_WARN_OBJC_LITERAL_CONVERSION = YES;
				CLANG_WARN_OBJC_ROOT_CLASS = YES_ERROR;
				CLANG_WARN_RANGE_LOOP_ANALYSIS = YES;
				CLANG_WARN_STRICT_PROTOTYPES = YES;
				CLANG_WARN_SUSPICIOUS_MOVE = YES;
				CLANG_WARN_UNGUARDED_AVAILABILITY = YES_AGGRESSIVE;
				CLANG_WARN_UNREACHABLE_CODE = YES;
				CLANG_WARN__DUPLICATE_METHOD_MATCH = YES;
				COPY_PHASE_STRIP = NO;
				DEBUG_INFORMATION_FORMAT = dwarf;
				ENABLE_STRICT_OBJC_MSGSEND = YES;
				ENABLE_TESTABILITY = YES;
				GCC_C_LANGUAGE_STANDARD = gnu11;
				GCC_DYNAMIC_NO_PIC = NO;
				GCC_NO_COMMON_BLOCKS = YES;
				GCC_OPTIMIZATION_LEVEL = 0;
				GCC_PREPROCESSOR_DEFINITIONS = (
					"DEBUG=1",
					"$(inherited)",
				);
				GCC_WARN_64_TO_32_BIT_CONVERSION = YES;
				GCC_WARN_ABOUT_RETURN_TYPE = YES_ERROR;
				GCC_WARN_UNDECLARED_SELECTOR = YES;
				GCC_WARN_UNINITIALIZED_AUTOS = YES_AGGRESSIVE;
				GCC_WARN_UNUSED_FUNCTION = YES;
				GCC_WARN_UNUSED_VARIABLE = YES;
				MACOSX_DEPLOYMENT_TARGET = 10.15;
				MTL_ENABLE_DEBUG_INFO = INCLUDE_SOURCE;
				MTL_FAST_MATH = YES;
				ONLY_ACTIVE_ARCH = YES;
				SDKROOT = macosx;
				SWIFT_ACTIVE_COMPILATION_CONDITIONS = DEBUG;
				SWIFT_OPTIMIZATION_LEVEL = "-Onone";
			};
			name = Debug;
		};
		75647A4023AD661400C8E88E /* Release */ = {
			isa = XCBuildConfiguration;
			buildSettings = {
				ALWAYS_SEARCH_USER_PATHS = NO;
				CLANG_ANALYZER_NONNULL = YES;
				CLANG_ANALYZER_NUMBER_OBJECT_CONVERSION = YES_AGGRESSIVE;
				CLANG_CXX_LANGUAGE_STANDARD = "gnu++14";
				CLANG_CXX_LIBRARY = "libc++";
				CLANG_ENABLE_MODULES = YES;
				CLANG_ENABLE_OBJC_ARC = YES;
				CLANG_ENABLE_OBJC_WEAK = YES;
				CLANG_WARN_BLOCK_CAPTURE_AUTORELEASING = YES;
				CLANG_WARN_BOOL_CONVERSION = YES;
				CLANG_WARN_COMMA = YES;
				CLANG_WARN_CONSTANT_CONVERSION = YES;
				CLANG_WARN_DEPRECATED_OBJC_IMPLEMENTATIONS = YES;
				CLANG_WARN_DIRECT_OBJC_ISA_USAGE = YES_ERROR;
				CLANG_WARN_DOCUMENTATION_COMMENTS = YES;
				CLANG_WARN_EMPTY_BODY = YES;
				CLANG_WARN_ENUM_CONVERSION = YES;
				CLANG_WARN_INFINITE_RECURSION = YES;
				CLANG_WARN_INT_CONVERSION = YES;
				CLANG_WARN_NON_LITERAL_NULL_CONVERSION = YES;
				CLANG_WARN_OBJC_IMPLICIT_RETAIN_SELF = YES;
				CLANG_WARN_OBJC_LITERAL_CONVERSION = YES;
				CLANG_WARN_OBJC_ROOT_CLASS = YES_ERROR;
				CLANG_WARN_RANGE_LOOP_ANALYSIS = YES;
				CLANG_WARN_STRICT_PROTOTYPES = YES;
				CLANG_WARN_SUSPICIOUS_MOVE = YES;
				CLANG_WARN_UNGUARDED_AVAILABILITY = YES_AGGRESSIVE;
				CLANG_WARN_UNREACHABLE_CODE = YES;
				CLANG_WARN__DUPLICATE_METHOD_MATCH = YES;
				COPY_PHASE_STRIP = NO;
				DEBUG_INFORMATION_FORMAT = "dwarf-with-dsym";
				ENABLE_NS_ASSERTIONS = NO;
				ENABLE_STRICT_OBJC_MSGSEND = YES;
				GCC_C_LANGUAGE_STANDARD = gnu11;
				GCC_NO_COMMON_BLOCKS = YES;
				GCC_WARN_64_TO_32_BIT_CONVERSION = YES;
				GCC_WARN_ABOUT_RETURN_TYPE = YES_ERROR;
				GCC_WARN_UNDECLARED_SELECTOR = YES;
				GCC_WARN_UNINITIALIZED_AUTOS = YES_AGGRESSIVE;
				GCC_WARN_UNUSED_FUNCTION = YES;
				GCC_WARN_UNUSED_VARIABLE = YES;
				MACOSX_DEPLOYMENT_TARGET = 10.15;
				MTL_ENABLE_DEBUG_INFO = NO;
				MTL_FAST_MATH = YES;
				SDKROOT = macosx;
				SWIFT_COMPILATION_MODE = wholemodule;
				SWIFT_OPTIMIZATION_LEVEL = "-O";
			};
			name = Release;
		};
		75647A4223AD661400C8E88E /* Debug */ = {
			isa = XCBuildConfiguration;
			buildSettings = {
				ASSETCATALOG_COMPILER_APPICON_NAME = AppIcon;
				CODE_SIGN_ENTITLEMENTS = "AppMover-Demo/AppMover_Demo.entitlements";
				CODE_SIGN_STYLE = Automatic;
				COMBINE_HIDPI_IMAGES = YES;
				DEVELOPMENT_TEAM = ZQK6SX26CE;
				ENABLE_HARDENED_RUNTIME = YES;
				INFOPLIST_FILE = "AppMover-Demo/Info.plist";
				LD_RUNPATH_SEARCH_PATHS = (
					"$(inherited)",
					"@executable_path/../Frameworks",
				);
				PRODUCT_BUNDLE_IDENTIFIER = "org.cindori.AppMover-Demo";
				PRODUCT_NAME = "$(TARGET_NAME)";
				SWIFT_VERSION = 5.0;
			};
			name = Debug;
		};
		75647A4323AD661400C8E88E /* Release */ = {
			isa = XCBuildConfiguration;
			buildSettings = {
				ASSETCATALOG_COMPILER_APPICON_NAME = AppIcon;
				CODE_SIGN_ENTITLEMENTS = "AppMover-Demo/AppMover_Demo.entitlements";
				CODE_SIGN_STYLE = Automatic;
				COMBINE_HIDPI_IMAGES = YES;
				DEVELOPMENT_TEAM = ZQK6SX26CE;
				ENABLE_HARDENED_RUNTIME = YES;
				INFOPLIST_FILE = "AppMover-Demo/Info.plist";
				LD_RUNPATH_SEARCH_PATHS = (
					"$(inherited)",
					"@executable_path/../Frameworks",
				);
				PRODUCT_BUNDLE_IDENTIFIER = "org.cindori.AppMover-Demo";
				PRODUCT_NAME = "$(TARGET_NAME)";
				SWIFT_VERSION = 5.0;
			};
			name = Release;
		};
/* End XCBuildConfiguration section */

/* Begin XCConfigurationList section */
		75647A2C23AD661300C8E88E /* Build configuration list for PBXProject "AppMover-Demo" */ = {
			isa = XCConfigurationList;
			buildConfigurations = (
				75647A3F23AD661400C8E88E /* Debug */,
				75647A4023AD661400C8E88E /* Release */,
			);
			defaultConfigurationIsVisible = 0;
			defaultConfigurationName = Release;
		};
		75647A4123AD661400C8E88E /* Build configuration list for PBXNativeTarget "AppMover-Demo" */ = {
			isa = XCConfigurationList;
			buildConfigurations = (
				75647A4223AD661400C8E88E /* Debug */,
				75647A4323AD661400C8E88E /* Release */,
			);
			defaultConfigurationIsVisible = 0;
			defaultConfigurationName = Release;
		};
/* End XCConfigurationList section */
	};
	rootObject = 75647A2923AD661300C8E88E /* Project object */;
}
